
Microsoft Visual Studio Solution File, Format Version 12.00
# Visual Studio Version 17
VisualStudioVersion = 17.8.34330.188
MinimumVisualStudioVersion = 10.0.40219.1
Project("{FAE04EC0-301F-11D3-BF4B-00C04F79EFBC}") = "Ders1", "Ders1\Ders1.csproj", "{5113DE16-89E0-4115-AF4E-997B1D8AC222}"
EndProject
Project("{FAE04EC0-301F-11D3-BF4B-00C04F79EFBC}") = "Ders2", "Ders2\Ders2.csproj", "{E37DBEE6-4DD4-4AC5-A6C9-66321226D8AF}"
EndProject
Project("{FAE04EC0-301F-11D3-BF4B-00C04F79EFBC}") = "Ders3", "Ders3\Ders3.csproj", "{95FD1E56-0DB5-4C26-AC1F-7C9CD003E6BD}"
EndProject
Project("{FAE04EC0-301F-11D3-BF4B-00C04F79EFBC}") = "Ders4", "Ders4\Ders4.csproj", "{B5E87825-7E02-4FFA-B4C0-45EDC44A40A1}"
EndProject
Project("{FAE04EC0-301F-11D3-BF4B-00C04F79EFBC}") = "Ders5", "Ders5\Ders5.csproj", "{7462E289-6DF4-480E-8E09-11F490A522B9}"
EndProject
Project("{FAE04EC0-301F-11D3-BF4B-00C04F79EFBC}") = "Ders6", "Ders6\Ders6.csproj", "{A8CA7B8B-714A-4EFA-B2B2-83989604F33E}"
EndProject
Project("{FAE04EC0-301F-11D3-BF4B-00C04F79EFBC}") = "Ders7", "Ders7\Ders7.csproj", "{2FBCD97B-83E1-431C-89F9-BE16D094E22A}"
EndProject
Global
	GlobalSection(SolutionConfigurationPlatforms) = preSolution
		Debug|Any CPU = Debug|Any CPU
		Release|Any CPU = Release|Any CPU
	EndGlobalSection
	GlobalSection(ProjectConfigurationPlatforms) = postSolution
		{5113DE16-89E0-4115-AF4E-997B1D8AC222}.Debug|Any CPU.ActiveCfg = Debug|Any CPU
		{5113DE16-89E0-4115-AF4E-997B1D8AC222}.Debug|Any CPU.Build.0 = Debug|Any CPU
		{5113DE16-89E0-4115-AF4E-997B1D8AC222}.Release|Any CPU.ActiveCfg = Release|Any CPU
		{5113DE16-89E0-4115-AF4E-997B1D8AC222}.Release|Any CPU.Build.0 = Release|Any CPU
		{E37DBEE6-4DD4-4AC5-A6C9-66321226D8AF}.Debug|Any CPU.ActiveCfg = Debug|Any CPU
		{E37DBEE6-4DD4-4AC5-A6C9-66321226D8AF}.Debug|Any CPU.Build.0 = Debug|Any CPU
		{E37DBEE6-4DD4-4AC5-A6C9-66321226D8AF}.Release|Any CPU.ActiveCfg = Release|Any CPU
		{E37DBEE6-4DD4-4AC5-A6C9-66321226D8AF}.Release|Any CPU.Build.0 = Release|Any CPU
		{95FD1E56-0DB5-4C26-AC1F-7C9CD003E6BD}.Debug|Any CPU.ActiveCfg = Debug|Any CPU
		{95FD1E56-0DB5-4C26-AC1F-7C9CD003E6BD}.Debug|Any CPU.Build.0 = Debug|Any CPU
		{95FD1E56-0DB5-4C26-AC1F-7C9CD003E6BD}.Release|Any CPU.ActiveCfg = Release|Any CPU
		{95FD1E56-0DB5-4C26-AC1F-7C9CD003E6BD}.Release|Any CPU.Build.0 = Release|Any CPU
		{B5E87825-7E02-4FFA-B4C0-45EDC44A40A1}.Debug|Any CPU.ActiveCfg = Debug|Any CPU
		{B5E87825-7E02-4FFA-B4C0-45EDC44A40A1}.Debug|Any CPU.Build.0 = Debug|Any CPU
		{B5E87825-7E02-4FFA-B4C0-45EDC44A40A1}.Release|Any CPU.ActiveCfg = Release|Any CPU
		{B5E87825-7E02-4FFA-B4C0-45EDC44A40A1}.Release|Any CPU.Build.0 = Release|Any CPU
		{7462E289-6DF4-480E-8E09-11F490A522B9}.Debug|Any CPU.ActiveCfg = Debug|Any CPU
		{7462E289-6DF4-480E-8E09-11F490A522B9}.Debug|Any CPU.Build.0 = Debug|Any CPU
		{7462E289-6DF4-480E-8E09-11F490A522B9}.Release|Any CPU.ActiveCfg = Release|Any CPU
		{7462E289-6DF4-480E-8E09-11F490A522B9}.Release|Any CPU.Build.0 = Release|Any CPU
		{A8CA7B8B-714A-4EFA-B2B2-83989604F33E}.Debug|Any CPU.ActiveCfg = Debug|Any CPU
		{A8CA7B8B-714A-4EFA-B2B2-83989604F33E}.Debug|Any CPU.Build.0 = Debug|Any CPU
		{A8CA7B8B-714A-4EFA-B2B2-83989604F33E}.Release|Any CPU.ActiveCfg = Release|Any CPU
		{A8CA7B8B-714A-4EFA-B2B2-83989604F33E}.Release|Any CPU.Build.0 = Release|Any CPU
		{2FBCD97B-83E1-431C-89F9-BE16D094E22A}.Debug|Any CPU.ActiveCfg = Debug|Any CPU
		{2FBCD97B-83E1-431C-89F9-BE16D094E22A}.Debug|Any CPU.Build.0 = Debug|Any CPU
		{2FBCD97B-83E1-431C-89F9-BE16D094E22A}.Release|Any CPU.ActiveCfg = Release|Any CPU
		{2FBCD97B-83E1-431C-89F9-BE16D094E22A}.Release|Any CPU.Build.0 = Release|Any CPU
	EndGlobalSection
	GlobalSection(SolutionProperties) = preSolution
		HideSolutionNode = FALSE
	EndGlobalSection
	GlobalSection(ExtensibilityGlobals) = postSolution
		SolutionGuid = {0F9D7645-A5D9-4756-B967-CE4BB8C5051F}
	EndGlobalSection
EndGlobal
